// !$*UTF8*$!
{
	archiveVersion = 1;
	classes = {
	};
	objectVersion = 50;
	objects = {

/* Begin PBXBuildFile section */
		0B04AA7A227A9D5100E18F0A /* ProgVC.swift in Sources */ = {isa = PBXBuildFile; fileRef = 0B04AA79227A9D5100E18F0A /* ProgVC.swift */; };
		0B04AA7C227A9DB200E18F0A /* Prog.storyboard in Resources */ = {isa = PBXBuildFile; fileRef = 0B04AA7B227A9DB200E18F0A /* Prog.storyboard */; };
		0BF9DA91228464A70021096A /* CheckButton.swift in Sources */ = {isa = PBXBuildFile; fileRef = 0BF9DA90228464A70021096A /* CheckButton.swift */; };
		6788A26E226A0ED000E9B0D5 /* ListedIPPOVC.swift in Sources */ = {isa = PBXBuildFile; fileRef = 6788A26D226A0ED000E9B0D5 /* ListedIPPOVC.swift */; };
		6788A270226A0EEA00E9B0D5 /* AchievedIPPOVC.swift in Sources */ = {isa = PBXBuildFile; fileRef = 6788A26F226A0EEA00E9B0D5 /* AchievedIPPOVC.swift */; };
		6788A272226A0EFA00E9B0D5 /* StockedIPPOVC.swift in Sources */ = {isa = PBXBuildFile; fileRef = 6788A271226A0EFA00E9B0D5 /* StockedIPPOVC.swift */; };
		6788A274226A0F1400E9B0D5 /* ListedIPPO.storyboard in Resources */ = {isa = PBXBuildFile; fileRef = 6788A273226A0F1400E9B0D5 /* ListedIPPO.storyboard */; };
		6788A276226A0F2100E9B0D5 /* AchievedIPPO.storyboard in Resources */ = {isa = PBXBuildFile; fileRef = 6788A275226A0F2100E9B0D5 /* AchievedIPPO.storyboard */; };
		6788A278226A0F2B00E9B0D5 /* StockedIPPO.storyboard in Resources */ = {isa = PBXBuildFile; fileRef = 6788A277226A0F2B00E9B0D5 /* StockedIPPO.storyboard */; };
		67920DB02262C2D200127083 /* XLPagerTabStrip.framework in Frameworks */ = {isa = PBXBuildFile; fileRef = 67920DAF2262C2D100127083 /* XLPagerTabStrip.framework */; };
		8D071CB7225A4435004A4A69 /* Misc.storyboard in Resources */ = {isa = PBXBuildFile; fileRef = 8D071CB6225A4435004A4A69 /* Misc.storyboard */; };
		8D071CBA225A44CE004A4A69 /* MiscCell.swift in Sources */ = {isa = PBXBuildFile; fileRef = 8D071CB8225A44CE004A4A69 /* MiscCell.swift */; };
		8D071CBB225A44CE004A4A69 /* MiscCell.xib in Resources */ = {isa = PBXBuildFile; fileRef = 8D071CB9225A44CE004A4A69 /* MiscCell.xib */; };
		8D071CBD225A44FC004A4A69 /* MiscVC.swift in Sources */ = {isa = PBXBuildFile; fileRef = 8D071CBC225A44FC004A4A69 /* MiscVC.swift */; };
		8D0B3A0522625C0900B71A7C /* SelectableCell.swift in Sources */ = {isa = PBXBuildFile; fileRef = 8D0B3A0322625C0900B71A7C /* SelectableCell.swift */; };
		8D0B3A0622625C0900B71A7C /* SelectableCell.xib in Resources */ = {isa = PBXBuildFile; fileRef = 8D0B3A0422625C0900B71A7C /* SelectableCell.xib */; };
		8D0B3A0A22676ACE00B71A7C /* GoalSetting.storyboard in Resources */ = {isa = PBXBuildFile; fileRef = 8D0B3A0922676ACE00B71A7C /* GoalSetting.storyboard */; };
		8D0B3A0C22676AF900B71A7C /* GoalSettingVC.swift in Sources */ = {isa = PBXBuildFile; fileRef = 8D0B3A0B22676AF900B71A7C /* GoalSettingVC.swift */; };
		8D29221222460A790046917F /* AppDelegate.swift in Sources */ = {isa = PBXBuildFile; fileRef = 8D29221122460A790046917F /* AppDelegate.swift */; };
		8D29221722460A790046917F /* Main.storyboard in Resources */ = {isa = PBXBuildFile; fileRef = 8D29221522460A790046917F /* Main.storyboard */; };
		8D29221922460A7F0046917F /* Assets.xcassets in Resources */ = {isa = PBXBuildFile; fileRef = 8D29221822460A7F0046917F /* Assets.xcassets */; };
		8D29221C22460A7F0046917F /* LaunchScreen.storyboard in Resources */ = {isa = PBXBuildFile; fileRef = 8D29221A22460A7F0046917F /* LaunchScreen.storyboard */; };
		8D8E2851227B255100299B5B /* README.md in Resources */ = {isa = PBXBuildFile; fileRef = 8D8E284F227B255000299B5B /* README.md */; };
		8D8E2852227B255100299B5B /* Cartfile in Resources */ = {isa = PBXBuildFile; fileRef = 8D8E2850227B255100299B5B /* Cartfile */; };
		8D8E2855227B26EB00299B5B /* RealmSwift.framework in Frameworks */ = {isa = PBXBuildFile; fileRef = 8D8E2853227B26EB00299B5B /* RealmSwift.framework */; };
		8D8E2856227B26EB00299B5B /* Realm.framework in Frameworks */ = {isa = PBXBuildFile; fileRef = 8D8E2854227B26EB00299B5B /* Realm.framework */; };
		8D8FB762226A1AA60063D8EC /* GitHubAPIClient.swift in Sources */ = {isa = PBXBuildFile; fileRef = 8D8FB761226A1AA60063D8EC /* GitHubAPIClient.swift */; };
		8D8FB764226B0AFD0063D8EC /* GitHubIssue.swift in Sources */ = {isa = PBXBuildFile; fileRef = 8D8FB763226B0AFD0063D8EC /* GitHubIssue.swift */; };
		8D8FB766226B475E0063D8EC /* EnhancementIssue.storyboard in Resources */ = {isa = PBXBuildFile; fileRef = 8D8FB765226B475E0063D8EC /* EnhancementIssue.storyboard */; };
		8D8FB768226B47CE0063D8EC /* EnhancementIssueVC.swift in Sources */ = {isa = PBXBuildFile; fileRef = 8D8FB767226B47CE0063D8EC /* EnhancementIssueVC.swift */; };
		8D8FB76A226B651C0063D8EC /* BugIssue.storyboard in Resources */ = {isa = PBXBuildFile; fileRef = 8D8FB769226B651C0063D8EC /* BugIssue.storyboard */; };
		8D8FB76C226B65A60063D8EC /* BugIssueVC.swift in Sources */ = {isa = PBXBuildFile; fileRef = 8D8FB76B226B65A60063D8EC /* BugIssueVC.swift */; };
		8D8FB76F226B6F100063D8EC /* SubtitleAndIconCell.swift in Sources */ = {isa = PBXBuildFile; fileRef = 8D8FB76D226B6F100063D8EC /* SubtitleAndIconCell.swift */; };
		8D8FB770226B6F100063D8EC /* SubtitleAndIconCell.xib in Resources */ = {isa = PBXBuildFile; fileRef = 8D8FB76E226B6F100063D8EC /* SubtitleAndIconCell.xib */; };
		8DD50CF02285E92A00098AA3 /* RealmObjectAccessible.swift in Sources */ = {isa = PBXBuildFile; fileRef = 8DD50CEF2285E92A00098AA3 /* RealmObjectAccessible.swift */; };
		8DD50CF52289A33800098AA3 /* Int+Extension.swift in Sources */ = {isa = PBXBuildFile; fileRef = 8DD50CF42289A33800098AA3 /* Int+Extension.swift */; };
		E7E97F6A2285B04700920B74 /* UIView+Extension.swift in Sources */ = {isa = PBXBuildFile; fileRef = E7E97F692285B04700920B74 /* UIView+Extension.swift */; };
/* End PBXBuildFile section */

/* Begin PBXFileReference section */
		0B04AA79227A9D5100E18F0A /* ProgVC.swift */ = {isa = PBXFileReference; lastKnownFileType = sourcecode.swift; path = ProgVC.swift; sourceTree = "<group>"; };
		0B04AA7B227A9DB200E18F0A /* Prog.storyboard */ = {isa = PBXFileReference; lastKnownFileType = file.storyboard; path = Prog.storyboard; sourceTree = "<group>"; };
		0BF9DA90228464A70021096A /* CheckButton.swift */ = {isa = PBXFileReference; lastKnownFileType = sourcecode.swift; path = CheckButton.swift; sourceTree = "<group>"; };
		6788A26D226A0ED000E9B0D5 /* ListedIPPOVC.swift */ = {isa = PBXFileReference; lastKnownFileType = sourcecode.swift; path = ListedIPPOVC.swift; sourceTree = "<group>"; };
		6788A26F226A0EEA00E9B0D5 /* AchievedIPPOVC.swift */ = {isa = PBXFileReference; lastKnownFileType = sourcecode.swift; path = AchievedIPPOVC.swift; sourceTree = "<group>"; };
		6788A271226A0EFA00E9B0D5 /* StockedIPPOVC.swift */ = {isa = PBXFileReference; lastKnownFileType = sourcecode.swift; path = StockedIPPOVC.swift; sourceTree = "<group>"; };
		6788A273226A0F1400E9B0D5 /* ListedIPPO.storyboard */ = {isa = PBXFileReference; lastKnownFileType = file.storyboard; path = ListedIPPO.storyboard; sourceTree = "<group>"; };
		6788A275226A0F2100E9B0D5 /* AchievedIPPO.storyboard */ = {isa = PBXFileReference; lastKnownFileType = file.storyboard; path = AchievedIPPO.storyboard; sourceTree = "<group>"; };
		6788A277226A0F2B00E9B0D5 /* StockedIPPO.storyboard */ = {isa = PBXFileReference; lastKnownFileType = file.storyboard; path = StockedIPPO.storyboard; sourceTree = "<group>"; };
		67920DAF2262C2D100127083 /* XLPagerTabStrip.framework */ = {isa = PBXFileReference; lastKnownFileType = wrapper.framework; name = XLPagerTabStrip.framework; path = Carthage/Build/iOS/XLPagerTabStrip.framework; sourceTree = "<group>"; };
		8D071CB6225A4435004A4A69 /* Misc.storyboard */ = {isa = PBXFileReference; lastKnownFileType = file.storyboard; path = Misc.storyboard; sourceTree = "<group>"; };
		8D071CB8225A44CE004A4A69 /* MiscCell.swift */ = {isa = PBXFileReference; lastKnownFileType = sourcecode.swift; path = MiscCell.swift; sourceTree = "<group>"; };
		8D071CB9225A44CE004A4A69 /* MiscCell.xib */ = {isa = PBXFileReference; lastKnownFileType = file.xib; path = MiscCell.xib; sourceTree = "<group>"; };
		8D071CBC225A44FC004A4A69 /* MiscVC.swift */ = {isa = PBXFileReference; lastKnownFileType = sourcecode.swift; path = MiscVC.swift; sourceTree = "<group>"; };
		8D0B3A0322625C0900B71A7C /* SelectableCell.swift */ = {isa = PBXFileReference; lastKnownFileType = sourcecode.swift; path = SelectableCell.swift; sourceTree = "<group>"; };
		8D0B3A0422625C0900B71A7C /* SelectableCell.xib */ = {isa = PBXFileReference; lastKnownFileType = file.xib; path = SelectableCell.xib; sourceTree = "<group>"; };
		8D0B3A0922676ACE00B71A7C /* GoalSetting.storyboard */ = {isa = PBXFileReference; lastKnownFileType = file.storyboard; path = GoalSetting.storyboard; sourceTree = "<group>"; };
		8D0B3A0B22676AF900B71A7C /* GoalSettingVC.swift */ = {isa = PBXFileReference; lastKnownFileType = sourcecode.swift; path = GoalSettingVC.swift; sourceTree = "<group>"; };
		8D29220E22460A790046917F /* Stepippo.app */ = {isa = PBXFileReference; explicitFileType = wrapper.application; includeInIndex = 0; path = Stepippo.app; sourceTree = BUILT_PRODUCTS_DIR; };
		8D29221122460A790046917F /* AppDelegate.swift */ = {isa = PBXFileReference; lastKnownFileType = sourcecode.swift; name = AppDelegate.swift; path = Classes/AppDelegate.swift; sourceTree = "<group>"; };
		8D29221622460A790046917F /* Base */ = {isa = PBXFileReference; lastKnownFileType = file.storyboard; name = Base; path = Base.lproj/Main.storyboard; sourceTree = "<group>"; };
		8D29221822460A7F0046917F /* Assets.xcassets */ = {isa = PBXFileReference; lastKnownFileType = folder.assetcatalog; path = Assets.xcassets; sourceTree = "<group>"; };
		8D29221B22460A7F0046917F /* Base */ = {isa = PBXFileReference; lastKnownFileType = file.storyboard; name = Base; path = Base.lproj/LaunchScreen.storyboard; sourceTree = "<group>"; };
		8D29221D22460A7F0046917F /* Info.plist */ = {isa = PBXFileReference; lastKnownFileType = text.plist.xml; path = Info.plist; sourceTree = "<group>"; };
		8D8E284F227B255000299B5B /* README.md */ = {isa = PBXFileReference; fileEncoding = 4; lastKnownFileType = net.daringfireball.markdown; path = README.md; sourceTree = "<group>"; };
		8D8E2850227B255100299B5B /* Cartfile */ = {isa = PBXFileReference; fileEncoding = 4; lastKnownFileType = text; path = Cartfile; sourceTree = "<group>"; };
		8D8E2853227B26EB00299B5B /* RealmSwift.framework */ = {isa = PBXFileReference; lastKnownFileType = wrapper.framework; name = RealmSwift.framework; path = Carthage/Build/iOS/RealmSwift.framework; sourceTree = "<group>"; };
		8D8E2854227B26EB00299B5B /* Realm.framework */ = {isa = PBXFileReference; lastKnownFileType = wrapper.framework; name = Realm.framework; path = Carthage/Build/iOS/Realm.framework; sourceTree = "<group>"; };
		8D8FB761226A1AA60063D8EC /* GitHubAPIClient.swift */ = {isa = PBXFileReference; lastKnownFileType = sourcecode.swift; path = GitHubAPIClient.swift; sourceTree = "<group>"; };
		8D8FB763226B0AFD0063D8EC /* GitHubIssue.swift */ = {isa = PBXFileReference; lastKnownFileType = sourcecode.swift; path = GitHubIssue.swift; sourceTree = "<group>"; };
		8D8FB765226B475E0063D8EC /* EnhancementIssue.storyboard */ = {isa = PBXFileReference; lastKnownFileType = file.storyboard; path = EnhancementIssue.storyboard; sourceTree = "<group>"; };
		8D8FB767226B47CE0063D8EC /* EnhancementIssueVC.swift */ = {isa = PBXFileReference; lastKnownFileType = sourcecode.swift; path = EnhancementIssueVC.swift; sourceTree = "<group>"; };
		8D8FB769226B651C0063D8EC /* BugIssue.storyboard */ = {isa = PBXFileReference; lastKnownFileType = file.storyboard; path = BugIssue.storyboard; sourceTree = "<group>"; };
		8D8FB76B226B65A60063D8EC /* BugIssueVC.swift */ = {isa = PBXFileReference; lastKnownFileType = sourcecode.swift; path = BugIssueVC.swift; sourceTree = "<group>"; };
		8D8FB76D226B6F100063D8EC /* SubtitleAndIconCell.swift */ = {isa = PBXFileReference; lastKnownFileType = sourcecode.swift; path = SubtitleAndIconCell.swift; sourceTree = "<group>"; };
		8D8FB76E226B6F100063D8EC /* SubtitleAndIconCell.xib */ = {isa = PBXFileReference; lastKnownFileType = file.xib; path = SubtitleAndIconCell.xib; sourceTree = "<group>"; };
		8DD50CEF2285E92A00098AA3 /* RealmObjectAccessible.swift */ = {isa = PBXFileReference; lastKnownFileType = sourcecode.swift; path = RealmObjectAccessible.swift; sourceTree = "<group>"; };
		8DD50CF42289A33800098AA3 /* Int+Extension.swift */ = {isa = PBXFileReference; lastKnownFileType = sourcecode.swift; path = "Int+Extension.swift"; sourceTree = "<group>"; };
		E7E97F692285B04700920B74 /* UIView+Extension.swift */ = {isa = PBXFileReference; lastKnownFileType = sourcecode.swift; path = "UIView+Extension.swift"; sourceTree = "<group>"; };
/* End PBXFileReference section */

/* Begin PBXFrameworksBuildPhase section */
		8D29220B22460A790046917F /* Frameworks */ = {
			isa = PBXFrameworksBuildPhase;
			buildActionMask = 2147483647;
			files = (
				8D8E2856227B26EB00299B5B /* Realm.framework in Frameworks */,
				67920DB02262C2D200127083 /* XLPagerTabStrip.framework in Frameworks */,
				8D8E2855227B26EB00299B5B /* RealmSwift.framework in Frameworks */,
			);
			runOnlyForDeploymentPostprocessing = 0;
		};
/* End PBXFrameworksBuildPhase section */

/* Begin PBXGroup section */
		0B2ED57522579E2B00C98944 /* Classes */ = {
			isa = PBXGroup;
			children = (
				0BD30D5B2257A04600C700C8 /* Models */,
				0B2ED57722579E9C00C98944 /* Views */,
				0BD30D5A2257A01800C700C8 /* Controllers */,
				E7E97F682285B01400920B74 /* Util */,
			);
			path = Classes;
			sourceTree = "<group>";
		};
		0B2ED57622579E5700C98944 /* Resources */ = {
			isa = PBXGroup;
			children = (
				8D29221822460A7F0046917F /* Assets.xcassets */,
				8D29221D22460A7F0046917F /* Info.plist */,
			);
			path = Resources;
			sourceTree = "<group>";
		};
		0B2ED57722579E9C00C98944 /* Views */ = {
			isa = PBXGroup;
			children = (
				8D29221522460A790046917F /* Main.storyboard */,
				8D29221A22460A7F0046917F /* LaunchScreen.storyboard */,
				8D0B3A0922676ACE00B71A7C /* GoalSetting.storyboard */,
				8D071CB6225A4435004A4A69 /* Misc.storyboard */,
				8D8FB765226B475E0063D8EC /* EnhancementIssue.storyboard */,
				8D8FB769226B651C0063D8EC /* BugIssue.storyboard */,
				8D071CB9225A44CE004A4A69 /* MiscCell.xib */,
				8D071CB8225A44CE004A4A69 /* MiscCell.swift */,
				8D8FB76D226B6F100063D8EC /* SubtitleAndIconCell.swift */,
				8D8FB76E226B6F100063D8EC /* SubtitleAndIconCell.xib */,
				8D0B3A0422625C0900B71A7C /* SelectableCell.xib */,
				8D0B3A0322625C0900B71A7C /* SelectableCell.swift */,
				6788A273226A0F1400E9B0D5 /* ListedIPPO.storyboard */,
				6788A275226A0F2100E9B0D5 /* AchievedIPPO.storyboard */,
				6788A277226A0F2B00E9B0D5 /* StockedIPPO.storyboard */,
				0B04AA7B227A9DB200E18F0A /* Prog.storyboard */,
				0BF9DA90228464A70021096A /* CheckButton.swift */,
			);
			path = Views;
			sourceTree = "<group>";
		};
		0BD30D5A2257A01800C700C8 /* Controllers */ = {
			isa = PBXGroup;
			children = (
				8D0B3A0B22676AF900B71A7C /* GoalSettingVC.swift */,
				8D071CBC225A44FC004A4A69 /* MiscVC.swift */,
				8D8FB767226B47CE0063D8EC /* EnhancementIssueVC.swift */,
				8D8FB76B226B65A60063D8EC /* BugIssueVC.swift */,
				6788A26D226A0ED000E9B0D5 /* ListedIPPOVC.swift */,
				6788A26F226A0EEA00E9B0D5 /* AchievedIPPOVC.swift */,
				6788A271226A0EFA00E9B0D5 /* StockedIPPOVC.swift */,
				0B04AA79227A9D5100E18F0A /* ProgVC.swift */,
			);
			path = Controllers;
			sourceTree = "<group>";
		};
		0BD30D5B2257A04600C700C8 /* Models */ = {
			isa = PBXGroup;
			children = (
				8D8FB763226B0AFD0063D8EC /* GitHubIssue.swift */,
				8D8FB761226A1AA60063D8EC /* GitHubAPIClient.swift */,
				8DD50CEF2285E92A00098AA3 /* RealmObjectAccessible.swift */,
			);
			path = Models;
			sourceTree = "<group>";
		};
		67920DAC2262BF6300127083 /* Frameworks */ = {
			isa = PBXGroup;
			children = (
				8D8E2854227B26EB00299B5B /* Realm.framework */,
				8D8E2853227B26EB00299B5B /* RealmSwift.framework */,
				67920DAF2262C2D100127083 /* XLPagerTabStrip.framework */,
			);
			name = Frameworks;
			sourceTree = "<group>";
		};
		8D29220522460A790046917F = {
			isa = PBXGroup;
			children = (
				8D29221022460A790046917F /* Stepippo */,
				8D8E2850227B255100299B5B /* Cartfile */,
				8D8E284F227B255000299B5B /* README.md */,
				8D29220F22460A790046917F /* Products */,
				67920DAC2262BF6300127083 /* Frameworks */,
			);
			sourceTree = "<group>";
		};
		8D29220F22460A790046917F /* Products */ = {
			isa = PBXGroup;
			children = (
				8D29220E22460A790046917F /* Stepippo.app */,
			);
			name = Products;
			sourceTree = "<group>";
		};
		8D29221022460A790046917F /* Stepippo */ = {
			isa = PBXGroup;
			children = (
				0B2ED57522579E2B00C98944 /* Classes */,
				8D29221122460A790046917F /* AppDelegate.swift */,
				0B2ED57622579E5700C98944 /* Resources */,
			);
			path = Stepippo;
			sourceTree = "<group>";
		};
		E7E97F682285B01400920B74 /* Util */ = {
			isa = PBXGroup;
			children = (
				8DD50CF42289A33800098AA3 /* Int+Extension.swift */,
				E7E97F692285B04700920B74 /* UIView+Extension.swift */,
			);
			path = Util;
			sourceTree = "<group>";
		};
/* End PBXGroup section */

/* Begin PBXNativeTarget section */
		8D29220D22460A790046917F /* Stepippo */ = {
			isa = PBXNativeTarget;
			buildConfigurationList = 8D29222022460A7F0046917F /* Build configuration list for PBXNativeTarget "Stepippo" */;
			buildPhases = (
				8D29220A22460A790046917F /* Sources */,
				8D29220B22460A790046917F /* Frameworks */,
				8D29220C22460A790046917F /* Resources */,
				67920DB12263531E00127083 /* Run Script */,
			);
			buildRules = (
			);
			dependencies = (
			);
			name = Stepippo;
			productName = Stepippo;
			productReference = 8D29220E22460A790046917F /* Stepippo.app */;
			productType = "com.apple.product-type.application";
		};
/* End PBXNativeTarget section */

/* Begin PBXProject section */
		8D29220622460A790046917F /* Project object */ = {
			isa = PBXProject;
			attributes = {
				LastSwiftUpdateCheck = 1010;
				LastUpgradeCheck = 1010;
				ORGANIZATIONNAME = "Yasasii-kai";
				TargetAttributes = {
					8D29220D22460A790046917F = {
						CreatedOnToolsVersion = 10.1;
						LastSwiftMigration = 1020;
					};
				};
			};
			buildConfigurationList = 8D29220922460A790046917F /* Build configuration list for PBXProject "Stepippo" */;
			compatibilityVersion = "Xcode 9.3";
			developmentRegion = en;
			hasScannedForEncodings = 0;
			knownRegions = (
				en,
				Base,
			);
			mainGroup = 8D29220522460A790046917F;
			productRefGroup = 8D29220F22460A790046917F /* Products */;
			projectDirPath = "";
			projectRoot = "";
			targets = (
				8D29220D22460A790046917F /* Stepippo */,
			);
		};
/* End PBXProject section */

/* Begin PBXResourcesBuildPhase section */
		8D29220C22460A790046917F /* Resources */ = {
			isa = PBXResourcesBuildPhase;
			buildActionMask = 2147483647;
			files = (
				6788A274226A0F1400E9B0D5 /* ListedIPPO.storyboard in Resources */,
				8D071CBB225A44CE004A4A69 /* MiscCell.xib in Resources */,
				8D8E2852227B255100299B5B /* Cartfile in Resources */,
				8D8FB76A226B651C0063D8EC /* BugIssue.storyboard in Resources */,
				6788A278226A0F2B00E9B0D5 /* StockedIPPO.storyboard in Resources */,
				8D0B3A0622625C0900B71A7C /* SelectableCell.xib in Resources */,
				8D29221C22460A7F0046917F /* LaunchScreen.storyboard in Resources */,
				8D29221922460A7F0046917F /* Assets.xcassets in Resources */,
				8D071CB7225A4435004A4A69 /* Misc.storyboard in Resources */,
				8D8FB770226B6F100063D8EC /* SubtitleAndIconCell.xib in Resources */,
				8D8FB766226B475E0063D8EC /* EnhancementIssue.storyboard in Resources */,
				8D29221722460A790046917F /* Main.storyboard in Resources */,
				6788A276226A0F2100E9B0D5 /* AchievedIPPO.storyboard in Resources */,
				8D8E2851227B255100299B5B /* README.md in Resources */,
				0B04AA7C227A9DB200E18F0A /* Prog.storyboard in Resources */,
				8D0B3A0A22676ACE00B71A7C /* GoalSetting.storyboard in Resources */,
			);
			runOnlyForDeploymentPostprocessing = 0;
		};
/* End PBXResourcesBuildPhase section */

/* Begin PBXShellScriptBuildPhase section */
		67920DB12263531E00127083 /* Run Script */ = {
			isa = PBXShellScriptBuildPhase;
			buildActionMask = 2147483647;
			files = (
			);
			inputFileListPaths = (
			);
			inputPaths = (
				"$(SRCROOT)/Carthage/Build/iOS/XLPagerTabStrip.framework",
				"$(SRCROOT)/Carthage/Build/iOS/Realm.framework",
				"$(SRCROOT)/Carthage/Build/iOS/RealmSwift.framework",
			);
			name = "Run Script";
			outputFileListPaths = (
			);
			outputPaths = (
			);
			runOnlyForDeploymentPostprocessing = 0;
			shellPath = /bin/sh;
			shellScript = "# Type a script or drag a script file from your workspace to insert its path.\n/usr/local/bin/carthage copy-frameworks\n";
		};
/* End PBXShellScriptBuildPhase section */

/* Begin PBXSourcesBuildPhase section */
		8D29220A22460A790046917F /* Sources */ = {
			isa = PBXSourcesBuildPhase;
			buildActionMask = 2147483647;
			files = (
				8D071CBD225A44FC004A4A69 /* MiscVC.swift in Sources */,
				6788A26E226A0ED000E9B0D5 /* ListedIPPOVC.swift in Sources */,
				0B04AA7A227A9D5100E18F0A /* ProgVC.swift in Sources */,
				8DD50CF52289A33800098AA3 /* Int+Extension.swift in Sources */,
				E7E97F6A2285B04700920B74 /* UIView+Extension.swift in Sources */,
				8D0B3A0522625C0900B71A7C /* SelectableCell.swift in Sources */,
				8D8FB762226A1AA60063D8EC /* GitHubAPIClient.swift in Sources */,
				8D8FB768226B47CE0063D8EC /* EnhancementIssueVC.swift in Sources */,
				6788A270226A0EEA00E9B0D5 /* AchievedIPPOVC.swift in Sources */,
				6788A272226A0EFA00E9B0D5 /* StockedIPPOVC.swift in Sources */,
				8D8FB764226B0AFD0063D8EC /* GitHubIssue.swift in Sources */,
				8D8FB76F226B6F100063D8EC /* SubtitleAndIconCell.swift in Sources */,
				8DD50CF02285E92A00098AA3 /* RealmObjectAccessible.swift in Sources */,
				8D29221222460A790046917F /* AppDelegate.swift in Sources */,
				8D0B3A0C22676AF900B71A7C /* GoalSettingVC.swift in Sources */,
				0BF9DA91228464A70021096A /* CheckButton.swift in Sources */,
				8D071CBA225A44CE004A4A69 /* MiscCell.swift in Sources */,
				8D8FB76C226B65A60063D8EC /* BugIssueVC.swift in Sources */,
			);
			runOnlyForDeploymentPostprocessing = 0;
		};
/* End PBXSourcesBuildPhase section */

/* Begin PBXVariantGroup section */
		8D29221522460A790046917F /* Main.storyboard */ = {
			isa = PBXVariantGroup;
			children = (
				8D29221622460A790046917F /* Base */,
			);
			name = Main.storyboard;
			sourceTree = "<group>";
		};
		8D29221A22460A7F0046917F /* LaunchScreen.storyboard */ = {
			isa = PBXVariantGroup;
			children = (
				8D29221B22460A7F0046917F /* Base */,
			);
			name = LaunchScreen.storyboard;
			sourceTree = "<group>";
		};
/* End PBXVariantGroup section */

/* Begin XCBuildConfiguration section */
		8D29221E22460A7F0046917F /* Debug */ = {
			isa = XCBuildConfiguration;
			buildSettings = {
				ALWAYS_SEARCH_USER_PATHS = NO;
				CLANG_ANALYZER_NONNULL = YES;
				CLANG_ANALYZER_NUMBER_OBJECT_CONVERSION = YES_AGGRESSIVE;
				CLANG_CXX_LANGUAGE_STANDARD = "gnu++14";
				CLANG_CXX_LIBRARY = "libc++";
				CLANG_ENABLE_MODULES = YES;
				CLANG_ENABLE_OBJC_ARC = YES;
				CLANG_ENABLE_OBJC_WEAK = YES;
				CLANG_WARN_BLOCK_CAPTURE_AUTORELEASING = YES;
				CLANG_WARN_BOOL_CONVERSION = YES;
				CLANG_WARN_COMMA = YES;
				CLANG_WARN_CONSTANT_CONVERSION = YES;
				CLANG_WARN_DEPRECATED_OBJC_IMPLEMENTATIONS = YES;
				CLANG_WARN_DIRECT_OBJC_ISA_USAGE = YES_ERROR;
				CLANG_WARN_DOCUMENTATION_COMMENTS = YES;
				CLANG_WARN_EMPTY_BODY = YES;
				CLANG_WARN_ENUM_CONVERSION = YES;
				CLANG_WARN_INFINITE_RECURSION = YES;
				CLANG_WARN_INT_CONVERSION = YES;
				CLANG_WARN_NON_LITERAL_NULL_CONVERSION = YES;
				CLANG_WARN_OBJC_IMPLICIT_RETAIN_SELF = YES;
				CLANG_WARN_OBJC_LITERAL_CONVERSION = YES;
				CLANG_WARN_OBJC_ROOT_CLASS = YES_ERROR;
				CLANG_WARN_RANGE_LOOP_ANALYSIS = YES;
				CLANG_WARN_STRICT_PROTOTYPES = YES;
				CLANG_WARN_SUSPICIOUS_MOVE = YES;
				CLANG_WARN_UNGUARDED_AVAILABILITY = YES_AGGRESSIVE;
				CLANG_WARN_UNREACHABLE_CODE = YES;
				CLANG_WARN__DUPLICATE_METHOD_MATCH = YES;
				CODE_SIGN_IDENTITY = "iPhone Developer";
				COPY_PHASE_STRIP = NO;
				DEBUG_INFORMATION_FORMAT = dwarf;
				ENABLE_STRICT_OBJC_MSGSEND = YES;
				ENABLE_TESTABILITY = YES;
				GCC_C_LANGUAGE_STANDARD = gnu11;
				GCC_DYNAMIC_NO_PIC = NO;
				GCC_NO_COMMON_BLOCKS = YES;
				GCC_OPTIMIZATION_LEVEL = 0;
				GCC_PREPROCESSOR_DEFINITIONS = (
					"DEBUG=1",
					"$(inherited)",
				);
				GCC_WARN_64_TO_32_BIT_CONVERSION = YES;
				GCC_WARN_ABOUT_RETURN_TYPE = YES_ERROR;
				GCC_WARN_UNDECLARED_SELECTOR = YES;
				GCC_WARN_UNINITIALIZED_AUTOS = YES_AGGRESSIVE;
				GCC_WARN_UNUSED_FUNCTION = YES;
				GCC_WARN_UNUSED_VARIABLE = YES;
				IPHONEOS_DEPLOYMENT_TARGET = 12.1;
				MTL_ENABLE_DEBUG_INFO = INCLUDE_SOURCE;
				MTL_FAST_MATH = YES;
				ONLY_ACTIVE_ARCH = YES;
				SDKROOT = iphoneos;
				SWIFT_ACTIVE_COMPILATION_CONDITIONS = DEBUG;
				SWIFT_OPTIMIZATION_LEVEL = "-Onone";
			};
			name = Debug;
		};
		8D29221F22460A7F0046917F /* Release */ = {
			isa = XCBuildConfiguration;
			buildSettings = {
				ALWAYS_SEARCH_USER_PATHS = NO;
				CLANG_ANALYZER_NONNULL = YES;
				CLANG_ANALYZER_NUMBER_OBJECT_CONVERSION = YES_AGGRESSIVE;
				CLANG_CXX_LANGUAGE_STANDARD = "gnu++14";
				CLANG_CXX_LIBRARY = "libc++";
				CLANG_ENABLE_MODULES = YES;
				CLANG_ENABLE_OBJC_ARC = YES;
				CLANG_ENABLE_OBJC_WEAK = YES;
				CLANG_WARN_BLOCK_CAPTURE_AUTORELEASING = YES;
				CLANG_WARN_BOOL_CONVERSION = YES;
				CLANG_WARN_COMMA = YES;
				CLANG_WARN_CONSTANT_CONVERSION = YES;
				CLANG_WARN_DEPRECATED_OBJC_IMPLEMENTATIONS = YES;
				CLANG_WARN_DIRECT_OBJC_ISA_USAGE = YES_ERROR;
				CLANG_WARN_DOCUMENTATION_COMMENTS = YES;
				CLANG_WARN_EMPTY_BODY = YES;
				CLANG_WARN_ENUM_CONVERSION = YES;
				CLANG_WARN_INFINITE_RECURSION = YES;
				CLANG_WARN_INT_CONVERSION = YES;
				CLANG_WARN_NON_LITERAL_NULL_CONVERSION = YES;
				CLANG_WARN_OBJC_IMPLICIT_RETAIN_SELF = YES;
				CLANG_WARN_OBJC_LITERAL_CONVERSION = YES;
				CLANG_WARN_OBJC_ROOT_CLASS = YES_ERROR;
				CLANG_WARN_RANGE_LOOP_ANALYSIS = YES;
				CLANG_WARN_STRICT_PROTOTYPES = YES;
				CLANG_WARN_SUSPICIOUS_MOVE = YES;
				CLANG_WARN_UNGUARDED_AVAILABILITY = YES_AGGRESSIVE;
				CLANG_WARN_UNREACHABLE_CODE = YES;
				CLANG_WARN__DUPLICATE_METHOD_MATCH = YES;
				CODE_SIGN_IDENTITY = "iPhone Developer";
				COPY_PHASE_STRIP = NO;
				DEBUG_INFORMATION_FORMAT = "dwarf-with-dsym";
				ENABLE_NS_ASSERTIONS = NO;
				ENABLE_STRICT_OBJC_MSGSEND = YES;
				GCC_C_LANGUAGE_STANDARD = gnu11;
				GCC_NO_COMMON_BLOCKS = YES;
				GCC_WARN_64_TO_32_BIT_CONVERSION = YES;
				GCC_WARN_ABOUT_RETURN_TYPE = YES_ERROR;
				GCC_WARN_UNDECLARED_SELECTOR = YES;
				GCC_WARN_UNINITIALIZED_AUTOS = YES_AGGRESSIVE;
				GCC_WARN_UNUSED_FUNCTION = YES;
				GCC_WARN_UNUSED_VARIABLE = YES;
				IPHONEOS_DEPLOYMENT_TARGET = 12.1;
				MTL_ENABLE_DEBUG_INFO = NO;
				MTL_FAST_MATH = YES;
				SDKROOT = iphoneos;
				SWIFT_COMPILATION_MODE = wholemodule;
				SWIFT_OPTIMIZATION_LEVEL = "-O";
				VALIDATE_PRODUCT = YES;
			};
			name = Release;
		};
		8D29222122460A7F0046917F /* Debug */ = {
			isa = XCBuildConfiguration;
			buildSettings = {
				ASSETCATALOG_COMPILER_APPICON_NAME = AppIcon;
				CODE_SIGN_STYLE = Automatic;
				DEVELOPMENT_TEAM = "";
				FRAMEWORK_SEARCH_PATHS = (
					"$(inherited)",
					"$(PROJECT_DIR)/Carthage/Build/iOS",
				);
				INFOPLIST_FILE = "$(SRCROOT)/Stepippo/Resources/Info.plist";
				LD_RUNPATH_SEARCH_PATHS = (
					"$(inherited)",
					"@executable_path/Frameworks",
				);
				PRODUCT_BUNDLE_IDENTIFIER = team.yasasii.Stepippo;
				PRODUCT_NAME = "$(TARGET_NAME)";
				SWIFT_VERSION = 5.0;
				TARGETED_DEVICE_FAMILY = "1,2";
			};
			name = Debug;
		};
		8D29222222460A7F0046917F /* Release */ = {
			isa = XCBuildConfiguration;
			buildSettings = {
				ASSETCATALOG_COMPILER_APPICON_NAME = AppIcon;
				CODE_SIGN_STYLE = Automatic;
				DEVELOPMENT_TEAM = "";
				FRAMEWORK_SEARCH_PATHS = (
					"$(inherited)",
					"$(PROJECT_DIR)/Carthage/Build/iOS",
				);
				INFOPLIST_FILE = "$(SRCROOT)/Stepippo/Resources/Info.plist";
				LD_RUNPATH_SEARCH_PATHS = (
					"$(inherited)",
					"@executable_path/Frameworks",
				);
				PRODUCT_BUNDLE_IDENTIFIER = team.yasasii.Stepippo;
				PRODUCT_NAME = "$(TARGET_NAME)";
				SWIFT_VERSION = 5.0;
				TARGETED_DEVICE_FAMILY = "1,2";
			};
			name = Release;
		};
/* End XCBuildConfiguration section */

/* Begin XCConfigurationList section */
		8D29220922460A790046917F /* Build configuration list for PBXProject "Stepippo" */ = {
			isa = XCConfigurationList;
			buildConfigurations = (
				8D29221E22460A7F0046917F /* Debug */,
				8D29221F22460A7F0046917F /* Release */,
			);
			defaultConfigurationIsVisible = 0;
			defaultConfigurationName = Release;
		};
		8D29222022460A7F0046917F /* Build configuration list for PBXNativeTarget "Stepippo" */ = {
			isa = XCConfigurationList;
			buildConfigurations = (
				8D29222122460A7F0046917F /* Debug */,
				8D29222222460A7F0046917F /* Release */,
			);
			defaultConfigurationIsVisible = 0;
			defaultConfigurationName = Release;
		};
/* End XCConfigurationList section */
	};
	rootObject = 8D29220622460A790046917F /* Project object */;
}
